
Microsoft Visual Studio Solution File, Format Version 12.00
# Visual Studio Version 17
VisualStudioVersion = 17.12.35707.178 d17.12
MinimumVisualStudioVersion = 10.0.40219.1
Project("{FAE04EC0-301F-11D3-BF4B-00C04F79EFBC}") = "HPlusSport.API", "HPlusSport.API\HPlusSport.API.csproj", "{67C0D59E-37D3-4AAE-A8FA-12BF9FB2FFCA}"
EndProject
Global
	GlobalSection(SolutionConfigurationPlatforms) = preSolution
		Debug|Any CPU = Debug|Any CPU
		Release|Any CPU = Release|Any CPU
	EndGlobalSection
	GlobalSection(ProjectConfigurationPlatforms) = postSolution
		{67C0D59E-37D3-4AAE-A8FA-12BF9FB2FFCA}.Debug|Any CPU.ActiveCfg = Debug|Any CPU
		{67C0D59E-37D3-4AAE-A8FA-12BF9FB2FFCA}.Debug|Any CPU.Build.0 = Debug|Any CPU
		{67C0D59E-37D3-4AAE-A8FA-12BF9FB2FFCA}.Release|Any CPU.ActiveCfg = Release|Any CPU
		{67C0D59E-37D3-4AAE-A8FA-12BF9FB2FFCA}.Release|Any CPU.Build.0 = Release|Any CPU
	EndGlobalSection
	GlobalSection(SolutionProperties) = preSolution
		HideSolutionNode = FALSE
	EndGlobalSection
EndGlobal
